
Microsoft Visual Studio Solution File, Format Version 12.00
# Visual Studio for Mac
Project("{FAE04EC0-301F-11D3-BF4B-00C04F79EFBC}") = "302project2", "302project2.csproj", "{77A74B78-B7E1-5F9C-886D-225614C3745D}"
EndProject
Global
	GlobalSection(SolutionConfigurationPlatforms) = preSolution
		Debug|Any CPU = Debug|Any CPU
		Release|Any CPU = Release|Any CPU
	EndGlobalSection
	GlobalSection(ProjectConfigurationPlatforms) = postSolution
		{77A74B78-B7E1-5F9C-886D-225614C3745D}.Debug|Any CPU.ActiveCfg = Debug|Any CPU
		{77A74B78-B7E1-5F9C-886D-225614C3745D}.Debug|Any CPU.Build.0 = Debug|Any CPU
		{77A74B78-B7E1-5F9C-886D-225614C3745D}.Release|Any CPU.ActiveCfg = Release|Any CPU
		{77A74B78-B7E1-5F9C-886D-225614C3745D}.Release|Any CPU.Build.0 = Release|Any CPU
	EndGlobalSection
	GlobalSection(SolutionProperties) = preSolution
		HideSolutionNode = FALSE
	EndGlobalSection
EndGlobal
